
Microsoft Visual Studio Solution File, Format Version 12.00
# Visual Studio 15
VisualStudioVersion = 15.0.28307.421
MinimumVisualStudioVersion = 10.0.40219.1
Project("{FAE04EC0-301F-11D3-BF4B-00C04F79EFBC}") = "IntegraGenetecPeopleSoft", "IntegraGenetecPeopleSoft.csproj", "{116F79F5-D1D2-4177-9DA5-2B7F65C9EFCB}"
EndProject
Global
	GlobalSection(SolutionConfigurationPlatforms) = preSolution
		Debug|Any CPU = Debug|Any CPU
		Release|Any CPU = Release|Any CPU
	EndGlobalSection
	GlobalSection(ProjectConfigurationPlatforms) = postSolution
		{116F79F5-D1D2-4177-9DA5-2B7F65C9EFCB}.Debug|Any CPU.ActiveCfg = Debug|Any CPU
		{116F79F5-D1D2-4177-9DA5-2B7F65C9EFCB}.Debug|Any CPU.Build.0 = Debug|Any CPU
		{116F79F5-D1D2-4177-9DA5-2B7F65C9EFCB}.Release|Any CPU.ActiveCfg = Release|Any CPU
		{116F79F5-D1D2-4177-9DA5-2B7F65C9EFCB}.Release|Any CPU.Build.0 = Release|Any CPU
	EndGlobalSection
	GlobalSection(SolutionProperties) = preSolution
		HideSolutionNode = FALSE
	EndGlobalSection
	GlobalSection(ExtensibilityGlobals) = postSolution
		SolutionGuid = {B677F0D8-0B10-4218-B29C-1CB79451E988}
	EndGlobalSection
EndGlobal
